// !$*UTF8*$!
{
	archiveVersion = 1;
	classes = {
	};
	objectVersion = 46;
	objects = {

/* Begin PBXBuildFile section */
		D90EDCDD16C0C5E9004205BF /* HWTableViewController.m in Sources */ = {isa = PBXBuildFile; fileRef = D90EDCDC16C0C5E9004205BF /* HWTableViewController.m */; };
		D93E63C316C0E1E9005D40AC /* HWSectionTableViewController.m in Sources */ = {isa = PBXBuildFile; fileRef = D93E63C216C0E1E9005D40AC /* HWSectionTableViewController.m */; };
		D93E63C616C0F1E6005D40AC /* HWCellWithImageViewController.m in Sources */ = {isa = PBXBuildFile; fileRef = D93E63C516C0F1E6005D40AC /* HWCellWithImageViewController.m */; };
		D93E63C916C104DA005D40AC /* HWCustomizwdCellViewController.m in Sources */ = {isa = PBXBuildFile; fileRef = D93E63C816C104DA005D40AC /* HWCustomizwdCellViewController.m */; };
		D952312C16C209C70034FD7A /* HWAppDelegate.m in Sources */ = {isa = PBXBuildFile; fileRef = D952312B16C209C70034FD7A /* HWAppDelegate.m */; };
		D952312F16C20B6F0034FD7A /* MainViewController.m in Sources */ = {isa = PBXBuildFile; fileRef = D952312E16C20B6F0034FD7A /* MainViewController.m */; };
		D952313216C2209F0034FD7A /* HWTableViewForList.m in Sources */ = {isa = PBXBuildFile; fileRef = D952313116C2209F0034FD7A /* HWTableViewForList.m */; };
		D952314316C23E2B0034FD7A /* HWTableViewForDetail.m in Sources */ = {isa = PBXBuildFile; fileRef = D952314216C23E2B0034FD7A /* HWTableViewForDetail.m */; };
		D952314616C24A950034FD7A /* HWWebView.m in Sources */ = {isa = PBXBuildFile; fileRef = D952314516C24A950034FD7A /* HWWebView.m */; };
		D952314916C256230034FD7A /* HWImageView.m in Sources */ = {isa = PBXBuildFile; fileRef = D952314816C256230034FD7A /* HWImageView.m */; };
		D952322616CA3ED50034FD7A /* Default-568h@2x.png in Resources */ = {isa = PBXBuildFile; fileRef = D952321916CA3ED40034FD7A /* Default-568h@2x.png */; };
		D952322716CA3ED50034FD7A /* Default.png in Resources */ = {isa = PBXBuildFile; fileRef = D952321A16CA3ED40034FD7A /* Default.png */; };
		D952322816CA3ED50034FD7A /* Default@2x.png in Resources */ = {isa = PBXBuildFile; fileRef = D952321B16CA3ED40034FD7A /* Default@2x.png */; };
		D952322916CA3ED50034FD7A /* Dog.png in Resources */ = {isa = PBXBuildFile; fileRef = D952321C16CA3ED40034FD7A /* Dog.png */; };
		D952322A16CA3ED50034FD7A /* Frog.png in Resources */ = {isa = PBXBuildFile; fileRef = D952321D16CA3ED40034FD7A /* Frog.png */; };
		D952322B16CA3ED50034FD7A /* Gecko.png in Resources */ = {isa = PBXBuildFile; fileRef = D952321E16CA3ED40034FD7A /* Gecko.png */; };
		D952322C16CA3ED50034FD7A /* Lion.png in Resources */ = {isa = PBXBuildFile; fileRef = D952321F16CA3ED40034FD7A /* Lion.png */; };
		D952322D16CA3ED50034FD7A /* Monkey.png in Resources */ = {isa = PBXBuildFile; fileRef = D952322016CA3ED40034FD7A /* Monkey.png */; };
		D952322E16CA3ED50034FD7A /* Newts.png in Resources */ = {isa = PBXBuildFile; fileRef = D952322116CA3ED40034FD7A /* Newts.png */; };
		D952322F16CA3ED50034FD7A /* reconsiva.png in Resources */ = {isa = PBXBuildFile; fileRef = D952322216CA3ED40034FD7A /* reconsiva.png */; };
		D952323016CA3ED50034FD7A /* Salmon.png in Resources */ = {isa = PBXBuildFile; fileRef = D952322316CA3ED40034FD7A /* Salmon.png */; };
		D952323116CA3ED50034FD7A /* Shark.png in Resources */ = {isa = PBXBuildFile; fileRef = D952322416CA3ED40034FD7A /* Shark.png */; };
		D952323216CA3ED50034FD7A /* Snake.png in Resources */ = {isa = PBXBuildFile; fileRef = D952322516CA3ED40034FD7A /* Snake.png */; };
		D95745CC16BF5672001AC99F /* UIKit.framework in Frameworks */ = {isa = PBXBuildFile; fileRef = D95745CB16BF5672001AC99F /* UIKit.framework */; };
		D95745CE16BF5672001AC99F /* Foundation.framework in Frameworks */ = {isa = PBXBuildFile; fileRef = D95745CD16BF5672001AC99F /* Foundation.framework */; };
		D95745D016BF5672001AC99F /* CoreGraphics.framework in Frameworks */ = {isa = PBXBuildFile; fileRef = D95745CF16BF5672001AC99F /* CoreGraphics.framework */; };
		D95745D616BF5672001AC99F /* InfoPlist.strings in Resources */ = {isa = PBXBuildFile; fileRef = D95745D416BF5672001AC99F /* InfoPlist.strings */; };
		D95745D816BF5672001AC99F /* main.m in Sources */ = {isa = PBXBuildFile; fileRef = D95745D716BF5672001AC99F /* main.m */; };
		D95745DC16BF5672001AC99F /* AppDelegate.m in Sources */ = {isa = PBXBuildFile; fileRef = D95745DB16BF5672001AC99F /* AppDelegate.m */; };
		D95745DE16BF5672001AC99F /* Default.png in Resources */ = {isa = PBXBuildFile; fileRef = D95745DD16BF5672001AC99F /* Default.png */; };
		D95745E016BF5672001AC99F /* Default@2x.png in Resources */ = {isa = PBXBuildFile; fileRef = D95745DF16BF5672001AC99F /* Default@2x.png */; };
		D95745E216BF5672001AC99F /* Default-568h@2x.png in Resources */ = {isa = PBXBuildFile; fileRef = D95745E116BF5672001AC99F /* Default-568h@2x.png */; };
		D95745E516BF5672001AC99F /* ViewController.m in Sources */ = {isa = PBXBuildFile; fileRef = D95745E416BF5672001AC99F /* ViewController.m */; };
		D95745E816BF5672001AC99F /* ViewController.xib in Resources */ = {isa = PBXBuildFile; fileRef = D95745E616BF5672001AC99F /* ViewController.xib */; };
		D95745F116BF89A3001AC99F /* ViewController1.m in Sources */ = {isa = PBXBuildFile; fileRef = D95745EF16BF89A3001AC99F /* ViewController1.m */; };
		D95745F216BF89A3001AC99F /* ViewController1.xib in Resources */ = {isa = PBXBuildFile; fileRef = D95745F016BF89A3001AC99F /* ViewController1.xib */; };
		D95745F616BF8C96001AC99F /* ViewController2.m in Sources */ = {isa = PBXBuildFile; fileRef = D95745F416BF8C96001AC99F /* ViewController2.m */; };
		D95745F716BF8C96001AC99F /* ViewController2.xib in Resources */ = {isa = PBXBuildFile; fileRef = D95745F516BF8C96001AC99F /* ViewController2.xib */; };
		D95745FA16BF8F77001AC99F /* HelloWorldappDelegate.m in Sources */ = {isa = PBXBuildFile; fileRef = D95745F916BF8F77001AC99F /* HelloWorldappDelegate.m */; };
/* End PBXBuildFile section */

/* Begin PBXFileReference section */
		D90EDCDB16C0C5E9004205BF /* HWTableViewController.h */ = {isa = PBXFileReference; fileEncoding = 4; lastKnownFileType = sourcecode.c.h; path = HWTableViewController.h; sourceTree = "<group>"; };
		D90EDCDC16C0C5E9004205BF /* HWTableViewController.m */ = {isa = PBXFileReference; fileEncoding = 4; lastKnownFileType = sourcecode.c.objc; path = HWTableViewController.m; sourceTree = "<group>"; };
		D93E63C116C0E1E9005D40AC /* HWSectionTableViewController.h */ = {isa = PBXFileReference; fileEncoding = 4; lastKnownFileType = sourcecode.c.h; path = HWSectionTableViewController.h; sourceTree = "<group>"; };
		D93E63C216C0E1E9005D40AC /* HWSectionTableViewController.m */ = {isa = PBXFileReference; fileEncoding = 4; lastKnownFileType = sourcecode.c.objc; path = HWSectionTableViewController.m; sourceTree = "<group>"; };
		D93E63C416C0F1E6005D40AC /* HWCellWithImageViewController.h */ = {isa = PBXFileReference; fileEncoding = 4; lastKnownFileType = sourcecode.c.h; path = HWCellWithImageViewController.h; sourceTree = "<group>"; };
		D93E63C516C0F1E6005D40AC /* HWCellWithImageViewController.m */ = {isa = PBXFileReference; fileEncoding = 4; lastKnownFileType = sourcecode.c.objc; path = HWCellWithImageViewController.m; sourceTree = "<group>"; };
		D93E63C716C104DA005D40AC /* HWCustomizwdCellViewController.h */ = {isa = PBXFileReference; fileEncoding = 4; lastKnownFileType = sourcecode.c.h; path = HWCustomizwdCellViewController.h; sourceTree = "<group>"; };
		D93E63C816C104DA005D40AC /* HWCustomizwdCellViewController.m */ = {isa = PBXFileReference; fileEncoding = 4; lastKnownFileType = sourcecode.c.objc; path = HWCustomizwdCellViewController.m; sourceTree = "<group>"; };
		D952312A16C209C70034FD7A /* HWAppDelegate.h */ = {isa = PBXFileReference; fileEncoding = 4; lastKnownFileType = sourcecode.c.h; path = HWAppDelegate.h; sourceTree = "<group>"; };
		D952312B16C209C70034FD7A /* HWAppDelegate.m */ = {isa = PBXFileReference; fileEncoding = 4; lastKnownFileType = sourcecode.c.objc; path = HWAppDelegate.m; sourceTree = "<group>"; };
		D952312D16C20B6F0034FD7A /* MainViewController.h */ = {isa = PBXFileReference; fileEncoding = 4; lastKnownFileType = sourcecode.c.h; path = MainViewController.h; sourceTree = "<group>"; };
		D952312E16C20B6F0034FD7A /* MainViewController.m */ = {isa = PBXFileReference; fileEncoding = 4; lastKnownFileType = sourcecode.c.objc; path = MainViewController.m; sourceTree = "<group>"; };
		D952313016C2209F0034FD7A /* HWTableViewForList.h */ = {isa = PBXFileReference; fileEncoding = 4; lastKnownFileType = sourcecode.c.h; path = HWTableViewForList.h; sourceTree = "<group>"; };
		D952313116C2209F0034FD7A /* HWTableViewForList.m */ = {isa = PBXFileReference; fileEncoding = 4; lastKnownFileType = sourcecode.c.objc; path = HWTableViewForList.m; sourceTree = "<group>"; };
		D952314116C23E2B0034FD7A /* HWTableViewForDetail.h */ = {isa = PBXFileReference; fileEncoding = 4; lastKnownFileType = sourcecode.c.h; path = HWTableViewForDetail.h; sourceTree = "<group>"; };
		D952314216C23E2B0034FD7A /* HWTableViewForDetail.m */ = {isa = PBXFileReference; fileEncoding = 4; lastKnownFileType = sourcecode.c.objc; path = HWTableViewForDetail.m; sourceTree = "<group>"; };
		D952314416C24A940034FD7A /* HWWebView.h */ = {isa = PBXFileReference; fileEncoding = 4; lastKnownFileType = sourcecode.c.h; path = HWWebView.h; sourceTree = "<group>"; };
		D952314516C24A950034FD7A /* HWWebView.m */ = {isa = PBXFileReference; fileEncoding = 4; lastKnownFileType = sourcecode.c.objc; path = HWWebView.m; sourceTree = "<group>"; };
		D952314716C256230034FD7A /* HWImageView.h */ = {isa = PBXFileReference; fileEncoding = 4; lastKnownFileType = sourcecode.c.h; path = HWImageView.h; sourceTree = "<group>"; };
		D952314816C256230034FD7A /* HWImageView.m */ = {isa = PBXFileReference; fileEncoding = 4; lastKnownFileType = sourcecode.c.objc; path = HWImageView.m; sourceTree = "<group>"; };
		D952321916CA3ED40034FD7A /* Default-568h@2x.png */ = {isa = PBXFileReference; lastKnownFileType = image.png; path = "Default-568h@2x.png"; sourceTree = "<group>"; };
		D952321A16CA3ED40034FD7A /* Default.png */ = {isa = PBXFileReference; lastKnownFileType = image.png; path = Default.png; sourceTree = "<group>"; };
		D952321B16CA3ED40034FD7A /* Default@2x.png */ = {isa = PBXFileReference; lastKnownFileType = image.png; path = "Default@2x.png"; sourceTree = "<group>"; };
		D952321C16CA3ED40034FD7A /* Dog.png */ = {isa = PBXFileReference; lastKnownFileType = image.png; path = Dog.png; sourceTree = "<group>"; };
		D952321D16CA3ED40034FD7A /* Frog.png */ = {isa = PBXFileReference; lastKnownFileType = image.png; path = Frog.png; sourceTree = "<group>"; };
		D952321E16CA3ED40034FD7A /* Gecko.png */ = {isa = PBXFileReference; lastKnownFileType = image.png; path = Gecko.png; sourceTree = "<group>"; };
		D952321F16CA3ED40034FD7A /* Lion.png */ = {isa = PBXFileReference; lastKnownFileType = image.png; path = Lion.png; sourceTree = "<group>"; };
		D952322016CA3ED40034FD7A /* Monkey.png */ = {isa = PBXFileReference; lastKnownFileType = image.png; path = Monkey.png; sourceTree = "<group>"; };
		D952322116CA3ED40034FD7A /* Newts.png */ = {isa = PBXFileReference; lastKnownFileType = image.png; path = Newts.png; sourceTree = "<group>"; };
		D952322216CA3ED40034FD7A /* reconsiva.png */ = {isa = PBXFileReference; lastKnownFileType = image.png; path = reconsiva.png; sourceTree = "<group>"; };
		D952322316CA3ED40034FD7A /* Salmon.png */ = {isa = PBXFileReference; lastKnownFileType = image.png; path = Salmon.png; sourceTree = "<group>"; };
		D952322416CA3ED40034FD7A /* Shark.png */ = {isa = PBXFileReference; lastKnownFileType = image.png; path = Shark.png; sourceTree = "<group>"; };
		D952322516CA3ED40034FD7A /* Snake.png */ = {isa = PBXFileReference; lastKnownFileType = image.png; path = Snake.png; sourceTree = "<group>"; };
		D95745C816BF5672001AC99F /* HomeWork.app */ = {isa = PBXFileReference; explicitFileType = wrapper.application; includeInIndex = 0; path = HomeWork.app; sourceTree = BUILT_PRODUCTS_DIR; };
		D95745CB16BF5672001AC99F /* UIKit.framework */ = {isa = PBXFileReference; lastKnownFileType = wrapper.framework; name = UIKit.framework; path = System/Library/Frameworks/UIKit.framework; sourceTree = SDKROOT; };
		D95745CD16BF5672001AC99F /* Foundation.framework */ = {isa = PBXFileReference; lastKnownFileType = wrapper.framework; name = Foundation.framework; path = System/Library/Frameworks/Foundation.framework; sourceTree = SDKROOT; };
		D95745CF16BF5672001AC99F /* CoreGraphics.framework */ = {isa = PBXFileReference; lastKnownFileType = wrapper.framework; name = CoreGraphics.framework; path = System/Library/Frameworks/CoreGraphics.framework; sourceTree = SDKROOT; };
		D95745D316BF5672001AC99F /* HomeWork-Info.plist */ = {isa = PBXFileReference; lastKnownFileType = text.plist.xml; path = "HomeWork-Info.plist"; sourceTree = "<group>"; };
		D95745D516BF5672001AC99F /* en */ = {isa = PBXFileReference; lastKnownFileType = text.plist.strings; name = en; path = en.lproj/InfoPlist.strings; sourceTree = "<group>"; };
		D95745D716BF5672001AC99F /* main.m */ = {isa = PBXFileReference; lastKnownFileType = sourcecode.c.objc; path = main.m; sourceTree = "<group>"; };
		D95745D916BF5672001AC99F /* HomeWork-Prefix.pch */ = {isa = PBXFileReference; lastKnownFileType = sourcecode.c.h; path = "HomeWork-Prefix.pch"; sourceTree = "<group>"; };
		D95745DA16BF5672001AC99F /* AppDelegate.h */ = {isa = PBXFileReference; lastKnownFileType = sourcecode.c.h; path = AppDelegate.h; sourceTree = "<group>"; };
		D95745DB16BF5672001AC99F /* AppDelegate.m */ = {isa = PBXFileReference; lastKnownFileType = sourcecode.c.objc; path = AppDelegate.m; sourceTree = "<group>"; };
		D95745DD16BF5672001AC99F /* Default.png */ = {isa = PBXFileReference; lastKnownFileType = image.png; path = Default.png; sourceTree = "<group>"; };
		D95745DF16BF5672001AC99F /* Default@2x.png */ = {isa = PBXFileReference; lastKnownFileType = image.png; path = "Default@2x.png"; sourceTree = "<group>"; };
		D95745E116BF5672001AC99F /* Default-568h@2x.png */ = {isa = PBXFileReference; lastKnownFileType = image.png; path = "Default-568h@2x.png"; sourceTree = "<group>"; };
		D95745E316BF5672001AC99F /* ViewController.h */ = {isa = PBXFileReference; lastKnownFileType = sourcecode.c.h; path = ViewController.h; sourceTree = "<group>"; };
		D95745E416BF5672001AC99F /* ViewController.m */ = {isa = PBXFileReference; lastKnownFileType = sourcecode.c.objc; path = ViewController.m; sourceTree = "<group>"; };
		D95745E716BF5672001AC99F /* en */ = {isa = PBXFileReference; lastKnownFileType = file.xib; name = en; path = en.lproj/ViewController.xib; sourceTree = "<group>"; };
		D95745EE16BF89A3001AC99F /* ViewController1.h */ = {isa = PBXFileReference; fileEncoding = 4; lastKnownFileType = sourcecode.c.h; path = ViewController1.h; sourceTree = "<group>"; };
		D95745EF16BF89A3001AC99F /* ViewController1.m */ = {isa = PBXFileReference; fileEncoding = 4; lastKnownFileType = sourcecode.c.objc; path = ViewController1.m; sourceTree = "<group>"; };
		D95745F016BF89A3001AC99F /* ViewController1.xib */ = {isa = PBXFileReference; fileEncoding = 4; lastKnownFileType = file.xib; path = ViewController1.xib; sourceTree = "<group>"; };
		D95745F316BF8C96001AC99F /* ViewController2.h */ = {isa = PBXFileReference; fileEncoding = 4; lastKnownFileType = sourcecode.c.h; path = ViewController2.h; sourceTree = "<group>"; };
		D95745F416BF8C96001AC99F /* ViewController2.m */ = {isa = PBXFileReference; fileEncoding = 4; lastKnownFileType = sourcecode.c.objc; path = ViewController2.m; sourceTree = "<group>"; };
		D95745F516BF8C96001AC99F /* ViewController2.xib */ = {isa = PBXFileReference; fileEncoding = 4; lastKnownFileType = file.xib; path = ViewController2.xib; sourceTree = "<group>"; };
		D95745F816BF8F77001AC99F /* HelloWorldappDelegate.h */ = {isa = PBXFileReference; fileEncoding = 4; lastKnownFileType = sourcecode.c.h; path = HelloWorldappDelegate.h; sourceTree = "<group>"; };
		D95745F916BF8F77001AC99F /* HelloWorldappDelegate.m */ = {isa = PBXFileReference; fileEncoding = 4; lastKnownFileType = sourcecode.c.objc; path = HelloWorldappDelegate.m; sourceTree = "<group>"; };
/* End PBXFileReference section */

/* Begin PBXFrameworksBuildPhase section */
		D95745C516BF5672001AC99F /* Frameworks */ = {
			isa = PBXFrameworksBuildPhase;
			buildActionMask = 2147483647;
			files = (
				D95745CC16BF5672001AC99F /* UIKit.framework in Frameworks */,
				D95745CE16BF5672001AC99F /* Foundation.framework in Frameworks */,
				D95745D016BF5672001AC99F /* CoreGraphics.framework in Frameworks */,
			);
			runOnlyForDeploymentPostprocessing = 0;
		};
/* End PBXFrameworksBuildPhase section */

/* Begin PBXGroup section */
		D93E63CA16C104EC005D40AC /* images */ = {
			isa = PBXGroup;
			children = (
				D952321916CA3ED40034FD7A /* Default-568h@2x.png */,
				D952321A16CA3ED40034FD7A /* Default.png */,
				D952321B16CA3ED40034FD7A /* Default@2x.png */,
				D952321C16CA3ED40034FD7A /* Dog.png */,
				D952321D16CA3ED40034FD7A /* Frog.png */,
				D952321E16CA3ED40034FD7A /* Gecko.png */,
				D952321F16CA3ED40034FD7A /* Lion.png */,
				D952322016CA3ED40034FD7A /* Monkey.png */,
				D952322116CA3ED40034FD7A /* Newts.png */,
				D952322216CA3ED40034FD7A /* reconsiva.png */,
				D952322316CA3ED40034FD7A /* Salmon.png */,
				D952322416CA3ED40034FD7A /* Shark.png */,
				D952322516CA3ED40034FD7A /* Snake.png */,
			);
			name = images;
			sourceTree = "<group>";
		};
		D952312816C209720034FD7A /* smaple */ = {
			isa = PBXGroup;
			children = (
				D95745DA16BF5672001AC99F /* AppDelegate.h */,
				D95745DB16BF5672001AC99F /* AppDelegate.m */,
				D95745E316BF5672001AC99F /* ViewController.h */,
				D95745E416BF5672001AC99F /* ViewController.m */,
				D95745E616BF5672001AC99F /* ViewController.xib */,
				D95745EE16BF89A3001AC99F /* ViewController1.h */,
				D90EDCDB16C0C5E9004205BF /* HWTableViewController.h */,
				D93E63C116C0E1E9005D40AC /* HWSectionTableViewController.h */,
				D93E63C216C0E1E9005D40AC /* HWSectionTableViewController.m */,
				D93E63C416C0F1E6005D40AC /* HWCellWithImageViewController.h */,
				D93E63C516C0F1E6005D40AC /* HWCellWithImageViewController.m */,
				D93E63C716C104DA005D40AC /* HWCustomizwdCellViewController.h */,
				D93E63C816C104DA005D40AC /* HWCustomizwdCellViewController.m */,
				D90EDCDC16C0C5E9004205BF /* HWTableViewController.m */,
				D95745EF16BF89A3001AC99F /* ViewController1.m */,
				D95745F016BF89A3001AC99F /* ViewController1.xib */,
				D95745F316BF8C96001AC99F /* ViewController2.h */,
				D95745F416BF8C96001AC99F /* ViewController2.m */,
				D95745F516BF8C96001AC99F /* ViewController2.xib */,
				D95745F816BF8F77001AC99F /* HelloWorldappDelegate.h */,
				D95745F916BF8F77001AC99F /* HelloWorldappDelegate.m */,
			);
			name = smaple;
			sourceTree = "<group>";
		};
		D952312916C209970034FD7A /* hw */ = {
			isa = PBXGroup;
			children = (
				D952312A16C209C70034FD7A /* HWAppDelegate.h */,
				D952312B16C209C70034FD7A /* HWAppDelegate.m */,
				D952312D16C20B6F0034FD7A /* MainViewController.h */,
				D952312E16C20B6F0034FD7A /* MainViewController.m */,
				D952313016C2209F0034FD7A /* HWTableViewForList.h */,
				D952313116C2209F0034FD7A /* HWTableViewForList.m */,
				D952314116C23E2B0034FD7A /* HWTableViewForDetail.h */,
				D952314216C23E2B0034FD7A /* HWTableViewForDetail.m */,
				D952314416C24A940034FD7A /* HWWebView.h */,
				D952314516C24A950034FD7A /* HWWebView.m */,
				D952314716C256230034FD7A /* HWImageView.h */,
				D952314816C256230034FD7A /* HWImageView.m */,
			);
			name = hw;
			sourceTree = "<group>";
		};
		D95745BF16BF5672001AC99F = {
			isa = PBXGroup;
			children = (
				D95745D116BF5672001AC99F /* HomeWork */,
				D95745CA16BF5672001AC99F /* Frameworks */,
				D95745C916BF5672001AC99F /* Products */,
			);
			sourceTree = "<group>";
		};
		D95745C916BF5672001AC99F /* Products */ = {
			isa = PBXGroup;
			children = (
				D95745C816BF5672001AC99F /* HomeWork.app */,
			);
			name = Products;
			sourceTree = "<group>";
		};
		D95745CA16BF5672001AC99F /* Frameworks */ = {
			isa = PBXGroup;
			children = (
				D95745CB16BF5672001AC99F /* UIKit.framework */,
				D95745CD16BF5672001AC99F /* Foundation.framework */,
				D95745CF16BF5672001AC99F /* CoreGraphics.framework */,
			);
			name = Frameworks;
			sourceTree = "<group>";
		};
		D95745D116BF5672001AC99F /* HomeWork */ = {
			isa = PBXGroup;
			children = (
				D952312916C209970034FD7A /* hw */,
				D952312816C209720034FD7A /* smaple */,
				D95745D216BF5672001AC99F /* Supporting Files */,
				D93E63CA16C104EC005D40AC /* images */,
			);
			path = HomeWork;
			sourceTree = "<group>";
		};
		D95745D216BF5672001AC99F /* Supporting Files */ = {
			isa = PBXGroup;
			children = (
				D95745D316BF5672001AC99F /* HomeWork-Info.plist */,
				D95745D416BF5672001AC99F /* InfoPlist.strings */,
				D95745D716BF5672001AC99F /* main.m */,
				D95745D916BF5672001AC99F /* HomeWork-Prefix.pch */,
				D95745DD16BF5672001AC99F /* Default.png */,
				D95745DF16BF5672001AC99F /* Default@2x.png */,
				D95745E116BF5672001AC99F /* Default-568h@2x.png */,
			);
			name = "Supporting Files";
			sourceTree = "<group>";
		};
/* End PBXGroup section */

/* Begin PBXNativeTarget section */
		D95745C716BF5672001AC99F /* HomeWork */ = {
			isa = PBXNativeTarget;
			buildConfigurationList = D95745EB16BF5672001AC99F /* Build configuration list for PBXNativeTarget "HomeWork" */;
			buildPhases = (
				D95745C416BF5672001AC99F /* Sources */,
				D95745C516BF5672001AC99F /* Frameworks */,
				D95745C616BF5672001AC99F /* Resources */,
			);
			buildRules = (
			);
			dependencies = (
			);
			name = HomeWork;
			productName = HomeWork;
			productReference = D95745C816BF5672001AC99F /* HomeWork.app */;
			productType = "com.apple.product-type.application";
		};
/* End PBXNativeTarget section */

/* Begin PBXProject section */
		D95745C016BF5672001AC99F /* Project object */ = {
			isa = PBXProject;
			attributes = {
				LastUpgradeCheck = 0460;
				ORGANIZATIONNAME = nhn;
			};
			buildConfigurationList = D95745C316BF5672001AC99F /* Build configuration list for PBXProject "HomeWork" */;
			compatibilityVersion = "Xcode 3.2";
			developmentRegion = English;
			hasScannedForEncodings = 0;
			knownRegions = (
				en,
			);
			mainGroup = D95745BF16BF5672001AC99F;
			productRefGroup = D95745C916BF5672001AC99F /* Products */;
			projectDirPath = "";
			projectRoot = "";
			targets = (
				D95745C716BF5672001AC99F /* HomeWork */,
			);
		};
/* End PBXProject section */

/* Begin PBXResourcesBuildPhase section */
		D95745C616BF5672001AC99F /* Resources */ = {
			isa = PBXResourcesBuildPhase;
			buildActionMask = 2147483647;
			files = (
				D95745D616BF5672001AC99F /* InfoPlist.strings in Resources */,
				D95745DE16BF5672001AC99F /* Default.png in Resources */,
				D95745E016BF5672001AC99F /* Default@2x.png in Resources */,
				D95745E216BF5672001AC99F /* Default-568h@2x.png in Resources */,
				D95745E816BF5672001AC99F /* ViewController.xib in Resources */,
				D95745F216BF89A3001AC99F /* ViewController1.xib in Resources */,
				D95745F716BF8C96001AC99F /* ViewController2.xib in Resources */,
				D952322616CA3ED50034FD7A /* Default-568h@2x.png in Resources */,
				D952322716CA3ED50034FD7A /* Default.png in Resources */,
				D952322816CA3ED50034FD7A /* Default@2x.png in Resources */,
				D952322916CA3ED50034FD7A /* Dog.png in Resources */,
				D952322A16CA3ED50034FD7A /* Frog.png in Resources */,
				D952322B16CA3ED50034FD7A /* Gecko.png in Resources */,
				D952322C16CA3ED50034FD7A /* Lion.png in Resources */,
				D952322D16CA3ED50034FD7A /* Monkey.png in Resources */,
				D952322E16CA3ED50034FD7A /* Newts.png in Resources */,
				D952322F16CA3ED50034FD7A /* reconsiva.png in Resources */,
				D952323016CA3ED50034FD7A /* Salmon.png in Resources */,
				D952323116CA3ED50034FD7A /* Shark.png in Resources */,
				D952323216CA3ED50034FD7A /* Snake.png in Resources */,
			);
			runOnlyForDeploymentPostprocessing = 0;
		};
/* End PBXResourcesBuildPhase section */

/* Begin PBXSourcesBuildPhase section */
		D95745C416BF5672001AC99F /* Sources */ = {
			isa = PBXSourcesBuildPhase;
			buildActionMask = 2147483647;
			files = (
				D95745D816BF5672001AC99F /* main.m in Sources */,
				D95745DC16BF5672001AC99F /* AppDelegate.m in Sources */,
				D95745E516BF5672001AC99F /* ViewController.m in Sources */,
				D95745F116BF89A3001AC99F /* ViewController1.m in Sources */,
				D95745F616BF8C96001AC99F /* ViewController2.m in Sources */,
				D95745FA16BF8F77001AC99F /* HelloWorldappDelegate.m in Sources */,
				D90EDCDD16C0C5E9004205BF /* HWTableViewController.m in Sources */,
				D93E63C316C0E1E9005D40AC /* HWSectionTableViewController.m in Sources */,
				D93E63C616C0F1E6005D40AC /* HWCellWithImageViewController.m in Sources */,
				D93E63C916C104DA005D40AC /* HWCustomizwdCellViewController.m in Sources */,
				D952312C16C209C70034FD7A /* HWAppDelegate.m in Sources */,
				D952312F16C20B6F0034FD7A /* MainViewController.m in Sources */,
				D952313216C2209F0034FD7A /* HWTableViewForList.m in Sources */,
				D952314316C23E2B0034FD7A /* HWTableViewForDetail.m in Sources */,
				D952314616C24A950034FD7A /* HWWebView.m in Sources */,
				D952314916C256230034FD7A /* HWImageView.m in Sources */,
			);
			runOnlyForDeploymentPostprocessing = 0;
		};
/* End PBXSourcesBuildPhase section */

/* Begin PBXVariantGroup section */
		D95745D416BF5672001AC99F /* InfoPlist.strings */ = {
			isa = PBXVariantGroup;
			children = (
				D95745D516BF5672001AC99F /* en */,
			);
			name = InfoPlist.strings;
			sourceTree = "<group>";
		};
		D95745E616BF5672001AC99F /* ViewController.xib */ = {
			isa = PBXVariantGroup;
			children = (
				D95745E716BF5672001AC99F /* en */,
			);
			name = ViewController.xib;
			sourceTree = "<group>";
		};
/* End PBXVariantGroup section */

/* Begin XCBuildConfiguration section */
		D95745E916BF5672001AC99F /* Debug */ = {
			isa = XCBuildConfiguration;
			buildSettings = {
				ALWAYS_SEARCH_USER_PATHS = NO;
				CLANG_CXX_LANGUAGE_STANDARD = "gnu++0x";
				CLANG_CXX_LIBRARY = "libc++";
				CLANG_WARN_CONSTANT_CONVERSION = YES;
				CLANG_WARN_EMPTY_BODY = YES;
				CLANG_WARN_ENUM_CONVERSION = YES;
				CLANG_WARN_INT_CONVERSION = YES;
				CLANG_WARN__DUPLICATE_METHOD_MATCH = YES;
				"CODE_SIGN_IDENTITY[sdk=iphoneos*]" = "iPhone Developer";
				COPY_PHASE_STRIP = NO;
				GCC_C_LANGUAGE_STANDARD = gnu99;
				GCC_DYNAMIC_NO_PIC = NO;
				GCC_OPTIMIZATION_LEVEL = 0;
				GCC_PREPROCESSOR_DEFINITIONS = (
					"DEBUG=1",
					"$(inherited)",
				);
				GCC_SYMBOLS_PRIVATE_EXTERN = NO;
				GCC_WARN_ABOUT_RETURN_TYPE = YES;
				GCC_WARN_UNINITIALIZED_AUTOS = YES;
				GCC_WARN_UNUSED_VARIABLE = YES;
				IPHONEOS_DEPLOYMENT_TARGET = 6.1;
				ONLY_ACTIVE_ARCH = YES;
				SDKROOT = iphoneos;
			};
			name = Debug;
		};
		D95745EA16BF5672001AC99F /* Release */ = {
			isa = XCBuildConfiguration;
			buildSettings = {
				ALWAYS_SEARCH_USER_PATHS = NO;
				CLANG_CXX_LANGUAGE_STANDARD = "gnu++0x";
				CLANG_CXX_LIBRARY = "libc++";
				CLANG_WARN_CONSTANT_CONVERSION = YES;
				CLANG_WARN_EMPTY_BODY = YES;
				CLANG_WARN_ENUM_CONVERSION = YES;
				CLANG_WARN_INT_CONVERSION = YES;
				CLANG_WARN__DUPLICATE_METHOD_MATCH = YES;
				"CODE_SIGN_IDENTITY[sdk=iphoneos*]" = "iPhone Developer";
				COPY_PHASE_STRIP = YES;
				GCC_C_LANGUAGE_STANDARD = gnu99;
				GCC_WARN_ABOUT_RETURN_TYPE = YES;
				GCC_WARN_UNINITIALIZED_AUTOS = YES;
				GCC_WARN_UNUSED_VARIABLE = YES;
				IPHONEOS_DEPLOYMENT_TARGET = 6.1;
				OTHER_CFLAGS = "-DNS_BLOCK_ASSERTIONS=1";
				SDKROOT = iphoneos;
				VALIDATE_PRODUCT = YES;
			};
			name = Release;
		};
		D95745EC16BF5672001AC99F /* Debug */ = {
			isa = XCBuildConfiguration;
			buildSettings = {
				GCC_PRECOMPILE_PREFIX_HEADER = YES;
				GCC_PREFIX_HEADER = "HomeWork/HomeWork-Prefix.pch";
				INFOPLIST_FILE = "HomeWork/HomeWork-Info.plist";
				PRODUCT_NAME = "$(TARGET_NAME)";
				WRAPPER_EXTENSION = app;
			};
			name = Debug;
		};
		D95745ED16BF5672001AC99F /* Release */ = {
			isa = XCBuildConfiguration;
			buildSettings = {
				GCC_PRECOMPILE_PREFIX_HEADER = YES;
				GCC_PREFIX_HEADER = "HomeWork/HomeWork-Prefix.pch";
				INFOPLIST_FILE = "HomeWork/HomeWork-Info.plist";
				PRODUCT_NAME = "$(TARGET_NAME)";
				WRAPPER_EXTENSION = app;
			};
			name = Release;
		};
/* End XCBuildConfiguration section */

/* Begin XCConfigurationList section */
		D95745C316BF5672001AC99F /* Build configuration list for PBXProject "HomeWork" */ = {
			isa = XCConfigurationList;
			buildConfigurations = (
				D95745E916BF5672001AC99F /* Debug */,
				D95745EA16BF5672001AC99F /* Release */,
			);
			defaultConfigurationIsVisible = 0;
			defaultConfigurationName = Release;
		};
		D95745EB16BF5672001AC99F /* Build configuration list for PBXNativeTarget "HomeWork" */ = {
			isa = XCConfigurationList;
			buildConfigurations = (
				D95745EC16BF5672001AC99F /* Debug */,
				D95745ED16BF5672001AC99F /* Release */,
			);
			defaultConfigurationIsVisible = 0;
			defaultConfigurationName = Release;
		};
/* End XCConfigurationList section */
	};
	rootObject = D95745C016BF5672001AC99F /* Project object */;
}
